
Microsoft Visual Studio Solution File, Format Version 12.00
Project("{FAE04EC0-301F-11D3-BF4B-00C04F79EFBC}") = "DelphiCSharp", "DelphiCSharp.csproj", "{257BBEB7-AA8A-449E-A92A-B96E6B7D9701}"
EndProject
Global
	GlobalSection(SolutionConfigurationPlatforms) = preSolution
		Debug|Any CPU = Debug|Any CPU
		Release|Any CPU = Release|Any CPU
	EndGlobalSection
	GlobalSection(ProjectConfigurationPlatforms) = postSolution
		{257BBEB7-AA8A-449E-A92A-B96E6B7D9701}.Debug|Any CPU.ActiveCfg = Debug|Any CPU
		{257BBEB7-AA8A-449E-A92A-B96E6B7D9701}.Debug|Any CPU.Build.0 = Debug|Any CPU
		{257BBEB7-AA8A-449E-A92A-B96E6B7D9701}.Release|Any CPU.ActiveCfg = Release|Any CPU
		{257BBEB7-AA8A-449E-A92A-B96E6B7D9701}.Release|Any CPU.Build.0 = Release|Any CPU
	EndGlobalSection
EndGlobal
