
Microsoft Visual Studio Solution File, Format Version 12.00
# Visual Studio Version 17
VisualStudioVersion = 17.0.31903.59
MinimumVisualStudioVersion = 10.0.40219.1
Project("{FAE04EC0-301F-11D3-BF4B-00C04F79EFBC}") = "HelloWorld", "HelloWorld\HelloWorld.csproj", "{6146CE45-1280-4646-9A94-E15075A1F2AA}"
EndProject
Project("{FAE04EC0-301F-11D3-BF4B-00C04F79EFBC}") = "Conditions", "Conditions\Conditions.csproj", "{5CC44994-9525-4299-A029-5A0EE4BDAA36}"
EndProject
Project("{FAE04EC0-301F-11D3-BF4B-00C04F79EFBC}") = "loops", "loops\loops.csproj", "{0F649F13-4521-4A8F-8F3C-9A6B4AC86DFE}"
EndProject
Project("{FAE04EC0-301F-11D3-BF4B-00C04F79EFBC}") = "Classes", "Classes\Classes.csproj", "{D1DD844F-E879-4A1A-A5A8-1AA07A33C5DC}"
EndProject
Project("{FAE04EC0-301F-11D3-BF4B-00C04F79EFBC}") = "Interfaces", "Interfaces\Interfaces.csproj", "{B388FF1E-FCE5-40A7-826B-E0F6CBF91F9A}"
EndProject
Project("{FAE04EC0-301F-11D3-BF4B-00C04F79EFBC}") = "Pointers", "Pointers\Pointers.csproj", "{439B2C28-4232-441A-B114-EC84B8AD787B}"
EndProject
Project("{FAE04EC0-301F-11D3-BF4B-00C04F79EFBC}") = "TestFixtures", "TestFixtures\TestFixtures.csproj", "{4E780F70-334E-40CD-909E-BC263B075BC6}"
EndProject
Project("{FAE04EC0-301F-11D3-BF4B-00C04F79EFBC}") = "HeapSort", "HeapSort\HeapSort.csproj", "{6605E671-7199-4FC6-B47A-624F6041A086}"
EndProject
Project("{FAE04EC0-301F-11D3-BF4B-00C04F79EFBC}") = "QuickSort", "QuickSort\QuickSort.csproj", "{948381E9-FB55-4A30-8E93-FF8FFFEBDF98}"
EndProject
Project("{FAE04EC0-301F-11D3-BF4B-00C04F79EFBC}") = "Bank", "Bank\Bank.csproj", "{43DD9256-0309-47B4-B6E9-06B9B8371D61}"
EndProject
Project("{FAE04EC0-301F-11D3-BF4B-00C04F79EFBC}") = "Library", "Library\Library.csproj", "{7192C968-3A3D-42F0-8091-DB8652AA06C6}"
EndProject
Global
	GlobalSection(SolutionConfigurationPlatforms) = preSolution
		Debug|Any CPU = Debug|Any CPU
		Release|Any CPU = Release|Any CPU
	EndGlobalSection
	GlobalSection(ProjectConfigurationPlatforms) = postSolution
		{6146CE45-1280-4646-9A94-E15075A1F2AA}.Debug|Any CPU.ActiveCfg = Debug|Any CPU
		{6146CE45-1280-4646-9A94-E15075A1F2AA}.Debug|Any CPU.Build.0 = Debug|Any CPU
		{6146CE45-1280-4646-9A94-E15075A1F2AA}.Release|Any CPU.ActiveCfg = Release|Any CPU
		{6146CE45-1280-4646-9A94-E15075A1F2AA}.Release|Any CPU.Build.0 = Release|Any CPU
		{5CC44994-9525-4299-A029-5A0EE4BDAA36}.Debug|Any CPU.ActiveCfg = Debug|Any CPU
		{5CC44994-9525-4299-A029-5A0EE4BDAA36}.Debug|Any CPU.Build.0 = Debug|Any CPU
		{5CC44994-9525-4299-A029-5A0EE4BDAA36}.Release|Any CPU.ActiveCfg = Release|Any CPU
		{5CC44994-9525-4299-A029-5A0EE4BDAA36}.Release|Any CPU.Build.0 = Release|Any CPU
		{0F649F13-4521-4A8F-8F3C-9A6B4AC86DFE}.Debug|Any CPU.ActiveCfg = Debug|Any CPU
		{0F649F13-4521-4A8F-8F3C-9A6B4AC86DFE}.Debug|Any CPU.Build.0 = Debug|Any CPU
		{0F649F13-4521-4A8F-8F3C-9A6B4AC86DFE}.Release|Any CPU.ActiveCfg = Release|Any CPU
		{0F649F13-4521-4A8F-8F3C-9A6B4AC86DFE}.Release|Any CPU.Build.0 = Release|Any CPU
		{D1DD844F-E879-4A1A-A5A8-1AA07A33C5DC}.Debug|Any CPU.ActiveCfg = Debug|Any CPU
		{D1DD844F-E879-4A1A-A5A8-1AA07A33C5DC}.Debug|Any CPU.Build.0 = Debug|Any CPU
		{D1DD844F-E879-4A1A-A5A8-1AA07A33C5DC}.Release|Any CPU.ActiveCfg = Release|Any CPU
		{D1DD844F-E879-4A1A-A5A8-1AA07A33C5DC}.Release|Any CPU.Build.0 = Release|Any CPU
		{B388FF1E-FCE5-40A7-826B-E0F6CBF91F9A}.Debug|Any CPU.ActiveCfg = Debug|Any CPU
		{B388FF1E-FCE5-40A7-826B-E0F6CBF91F9A}.Debug|Any CPU.Build.0 = Debug|Any CPU
		{B388FF1E-FCE5-40A7-826B-E0F6CBF91F9A}.Release|Any CPU.ActiveCfg = Release|Any CPU
		{B388FF1E-FCE5-40A7-826B-E0F6CBF91F9A}.Release|Any CPU.Build.0 = Release|Any CPU
		{439B2C28-4232-441A-B114-EC84B8AD787B}.Debug|Any CPU.ActiveCfg = Debug|Any CPU
		{439B2C28-4232-441A-B114-EC84B8AD787B}.Debug|Any CPU.Build.0 = Debug|Any CPU
		{439B2C28-4232-441A-B114-EC84B8AD787B}.Release|Any CPU.ActiveCfg = Release|Any CPU
		{439B2C28-4232-441A-B114-EC84B8AD787B}.Release|Any CPU.Build.0 = Release|Any CPU
		{4E780F70-334E-40CD-909E-BC263B075BC6}.Debug|Any CPU.ActiveCfg = Debug|Any CPU
		{4E780F70-334E-40CD-909E-BC263B075BC6}.Debug|Any CPU.Build.0 = Debug|Any CPU
		{4E780F70-334E-40CD-909E-BC263B075BC6}.Release|Any CPU.ActiveCfg = Release|Any CPU
		{4E780F70-334E-40CD-909E-BC263B075BC6}.Release|Any CPU.Build.0 = Release|Any CPU
		{6605E671-7199-4FC6-B47A-624F6041A086}.Debug|Any CPU.ActiveCfg = Debug|Any CPU
		{6605E671-7199-4FC6-B47A-624F6041A086}.Debug|Any CPU.Build.0 = Debug|Any CPU
		{6605E671-7199-4FC6-B47A-624F6041A086}.Release|Any CPU.ActiveCfg = Release|Any CPU
		{6605E671-7199-4FC6-B47A-624F6041A086}.Release|Any CPU.Build.0 = Release|Any CPU
		{948381E9-FB55-4A30-8E93-FF8FFFEBDF98}.Debug|Any CPU.ActiveCfg = Debug|Any CPU
		{948381E9-FB55-4A30-8E93-FF8FFFEBDF98}.Debug|Any CPU.Build.0 = Debug|Any CPU
		{948381E9-FB55-4A30-8E93-FF8FFFEBDF98}.Release|Any CPU.ActiveCfg = Release|Any CPU
		{948381E9-FB55-4A30-8E93-FF8FFFEBDF98}.Release|Any CPU.Build.0 = Release|Any CPU
		{43DD9256-0309-47B4-B6E9-06B9B8371D61}.Debug|Any CPU.ActiveCfg = Debug|Any CPU
		{43DD9256-0309-47B4-B6E9-06B9B8371D61}.Debug|Any CPU.Build.0 = Debug|Any CPU
		{43DD9256-0309-47B4-B6E9-06B9B8371D61}.Release|Any CPU.ActiveCfg = Release|Any CPU
		{43DD9256-0309-47B4-B6E9-06B9B8371D61}.Release|Any CPU.Build.0 = Release|Any CPU
		{7192C968-3A3D-42F0-8091-DB8652AA06C6}.Debug|Any CPU.ActiveCfg = Debug|Any CPU
		{7192C968-3A3D-42F0-8091-DB8652AA06C6}.Debug|Any CPU.Build.0 = Debug|Any CPU
		{7192C968-3A3D-42F0-8091-DB8652AA06C6}.Release|Any CPU.ActiveCfg = Release|Any CPU
		{7192C968-3A3D-42F0-8091-DB8652AA06C6}.Release|Any CPU.Build.0 = Release|Any CPU
	EndGlobalSection
	GlobalSection(SolutionProperties) = preSolution
		HideSolutionNode = FALSE
	EndGlobalSection
EndGlobal
